
Microsoft Visual Studio Solution File, Format Version 12.00
# Visual Studio Version 16
VisualStudioVersion = 16.0.30804.86
MinimumVisualStudioVersion = 10.0.40219.1
Project("{FAE04EC0-301F-11D3-BF4B-00C04F79EFBC}") = "ExoLinq", "ExoLinq\ExoLinq.csproj", "{931026AD-0E15-4869-8301-AC2B54509FB9}"
EndProject
Project("{FAE04EC0-301F-11D3-BF4B-00C04F79EFBC}") = "ExoLinq.Models", "ExoLinq.Models\ExoLinq.Models.csproj", "{B0234414-EBAF-4167-A251-E85340F7FC18}"
EndProject
Global
	GlobalSection(SolutionConfigurationPlatforms) = preSolution
		Debug|Any CPU = Debug|Any CPU
		Release|Any CPU = Release|Any CPU
	EndGlobalSection
	GlobalSection(ProjectConfigurationPlatforms) = postSolution
		{931026AD-0E15-4869-8301-AC2B54509FB9}.Debug|Any CPU.ActiveCfg = Debug|Any CPU
		{931026AD-0E15-4869-8301-AC2B54509FB9}.Debug|Any CPU.Build.0 = Debug|Any CPU
		{931026AD-0E15-4869-8301-AC2B54509FB9}.Release|Any CPU.ActiveCfg = Release|Any CPU
		{931026AD-0E15-4869-8301-AC2B54509FB9}.Release|Any CPU.Build.0 = Release|Any CPU
		{B0234414-EBAF-4167-A251-E85340F7FC18}.Debug|Any CPU.ActiveCfg = Debug|Any CPU
		{B0234414-EBAF-4167-A251-E85340F7FC18}.Debug|Any CPU.Build.0 = Debug|Any CPU
		{B0234414-EBAF-4167-A251-E85340F7FC18}.Release|Any CPU.ActiveCfg = Release|Any CPU
		{B0234414-EBAF-4167-A251-E85340F7FC18}.Release|Any CPU.Build.0 = Release|Any CPU
	EndGlobalSection
	GlobalSection(SolutionProperties) = preSolution
		HideSolutionNode = FALSE
	EndGlobalSection
	GlobalSection(ExtensibilityGlobals) = postSolution
		SolutionGuid = {40154DA7-C099-4D2D-A775-B8978687CAD1}
	EndGlobalSection
EndGlobal
